
Microsoft Visual Studio Solution File, Format Version 12.00
# Visual Studio 11
Project("{FAE04EC0-301F-11D3-BF4B-00C04F79EFBC}") = "Downloader", "Downloader\Downloader.csproj", "{3B723157-A433-4921-97D7-C4624C826EB0}"
EndProject
Project("{E24C65DC-7377-472B-9ABA-BC803B73C61A}") = "Downloader.Web", "Downloader.Web\", "{D569F963-7E74-4880-98B7-E2782E3AF25D}"
	ProjectSection(WebsiteProperties) = preProject
		Debug.AspNetCompiler.Debug = "True"
		Debug.AspNetCompiler.FixedNames = "false"
		Debug.AspNetCompiler.ForceOverwrite = "true"
		Debug.AspNetCompiler.PhysicalPath = "Downloader.Web\"
		Debug.AspNetCompiler.TargetPath = "PrecompiledWeb\Downloader.Web\"
		Debug.AspNetCompiler.Updateable = "true"
		Debug.AspNetCompiler.VirtualPath = "/Downloader.Web"
		DefaultWebSiteLanguage = "Visual C#"
		ProjOutputReferences = "{3B723157-A433-4921-97D7-C4624C826EB0}|ClientBin|false;"
		Release.AspNetCompiler.Debug = "False"
		Release.AspNetCompiler.FixedNames = "false"
		Release.AspNetCompiler.ForceOverwrite = "true"
		Release.AspNetCompiler.PhysicalPath = "Downloader.Web\"
		Release.AspNetCompiler.TargetPath = "PrecompiledWeb\Downloader.Web\"
		Release.AspNetCompiler.Updateable = "true"
		Release.AspNetCompiler.VirtualPath = "/Downloader.Web"
		TargetFrameworkMoniker = ".NETFramework,Version%3Dv4.0"
		VWDPort = "5976"
	EndProjectSection
EndProject
Global
	GlobalSection(SolutionConfigurationPlatforms) = preSolution
		Debug|Any CPU = Debug|Any CPU
		Release|Any CPU = Release|Any CPU
	EndGlobalSection
	GlobalSection(ProjectConfigurationPlatforms) = postSolution
		{3B723157-A433-4921-97D7-C4624C826EB0}.Debug|Any CPU.ActiveCfg = Debug|Any CPU
		{3B723157-A433-4921-97D7-C4624C826EB0}.Debug|Any CPU.Build.0 = Debug|Any CPU
		{3B723157-A433-4921-97D7-C4624C826EB0}.Release|Any CPU.ActiveCfg = Release|Any CPU
		{3B723157-A433-4921-97D7-C4624C826EB0}.Release|Any CPU.Build.0 = Release|Any CPU
		{D569F963-7E74-4880-98B7-E2782E3AF25D}.Debug|Any CPU.ActiveCfg = Debug|Any CPU
		{D569F963-7E74-4880-98B7-E2782E3AF25D}.Debug|Any CPU.Build.0 = Debug|Any CPU
		{D569F963-7E74-4880-98B7-E2782E3AF25D}.Release|Any CPU.ActiveCfg = Debug|Any CPU
		{D569F963-7E74-4880-98B7-E2782E3AF25D}.Release|Any CPU.Build.0 = Debug|Any CPU
	EndGlobalSection
	GlobalSection(SolutionProperties) = preSolution
		HideSolutionNode = FALSE
	EndGlobalSection
EndGlobal
